
Microsoft Visual Studio Solution File, Format Version 12.00
# Visual Studio Version 17
VisualStudioVersion = 17.0.31903.59
MinimumVisualStudioVersion = 10.0.40219.1
Project("{2150E333-8FDC-42A3-9474-1A3956D46DE8}") = "examples", "examples", "{5D8C1823-0A68-4E21-901F-1EB2F497299F}"
EndProject
Project("{FAE04EC0-301F-11D3-BF4B-00C04F79EFBC}") = "Blazor", "examples\Blazor\Blazor.csproj", "{7358A5E5-68A2-4767-8FEF-F10886ACAD47}"
EndProject
Project("{FAE04EC0-301F-11D3-BF4B-00C04F79EFBC}") = "Tailwind.Hosting", "Tailwind.Hosting\Tailwind.Hosting.csproj", "{28F3EF2A-B2A2-4FF9-AFFC-29433C979B73}"
EndProject
Project("{FAE04EC0-301F-11D3-BF4B-00C04F79EFBC}") = "Tailwind.Hosting.Build", "Tailwind.Hosting.Build\Tailwind.Hosting.Build.csproj", "{4C7754EB-B347-4252-A1A4-685B6411A2FF}"
EndProject
Project("{FAE04EC0-301F-11D3-BF4B-00C04F79EFBC}") = "Tailwind.Hosting.Cli", "Tailwind.Hosting.Cli\Tailwind.Hosting.Cli.csproj", "{699FACBD-FB06-4B4F-914C-8242A0C1D1C3}"
EndProject
Global
	GlobalSection(SolutionConfigurationPlatforms) = preSolution
		Debug|Any CPU = Debug|Any CPU
		Release|Any CPU = Release|Any CPU
	EndGlobalSection
	GlobalSection(SolutionProperties) = preSolution
		HideSolutionNode = FALSE
	EndGlobalSection
	GlobalSection(ProjectConfigurationPlatforms) = postSolution
		{7358A5E5-68A2-4767-8FEF-F10886ACAD47}.Debug|Any CPU.ActiveCfg = Debug|Any CPU
		{7358A5E5-68A2-4767-8FEF-F10886ACAD47}.Debug|Any CPU.Build.0 = Debug|Any CPU
		{7358A5E5-68A2-4767-8FEF-F10886ACAD47}.Release|Any CPU.ActiveCfg = Release|Any CPU
		{7358A5E5-68A2-4767-8FEF-F10886ACAD47}.Release|Any CPU.Build.0 = Release|Any CPU
		{28F3EF2A-B2A2-4FF9-AFFC-29433C979B73}.Debug|Any CPU.ActiveCfg = Debug|Any CPU
		{28F3EF2A-B2A2-4FF9-AFFC-29433C979B73}.Debug|Any CPU.Build.0 = Debug|Any CPU
		{28F3EF2A-B2A2-4FF9-AFFC-29433C979B73}.Release|Any CPU.ActiveCfg = Release|Any CPU
		{28F3EF2A-B2A2-4FF9-AFFC-29433C979B73}.Release|Any CPU.Build.0 = Release|Any CPU
		{4C7754EB-B347-4252-A1A4-685B6411A2FF}.Debug|Any CPU.ActiveCfg = Debug|Any CPU
		{4C7754EB-B347-4252-A1A4-685B6411A2FF}.Debug|Any CPU.Build.0 = Debug|Any CPU
		{4C7754EB-B347-4252-A1A4-685B6411A2FF}.Release|Any CPU.ActiveCfg = Release|Any CPU
		{4C7754EB-B347-4252-A1A4-685B6411A2FF}.Release|Any CPU.Build.0 = Release|Any CPU
		{699FACBD-FB06-4B4F-914C-8242A0C1D1C3}.Debug|Any CPU.ActiveCfg = Debug|Any CPU
		{699FACBD-FB06-4B4F-914C-8242A0C1D1C3}.Debug|Any CPU.Build.0 = Debug|Any CPU
		{699FACBD-FB06-4B4F-914C-8242A0C1D1C3}.Release|Any CPU.ActiveCfg = Release|Any CPU
		{699FACBD-FB06-4B4F-914C-8242A0C1D1C3}.Release|Any CPU.Build.0 = Release|Any CPU
	EndGlobalSection
	GlobalSection(NestedProjects) = preSolution
		{7358A5E5-68A2-4767-8FEF-F10886ACAD47} = {5D8C1823-0A68-4E21-901F-1EB2F497299F}
	EndGlobalSection
EndGlobal
